
Microsoft Visual Studio Solution File, Format Version 12.00
# Visual Studio 14
VisualStudioVersion = 14.0.23107.0
MinimumVisualStudioVersion = 10.0.40219.1
Project("{FAE04EC0-301F-11D3-BF4B-00C04F79EFBC}") = "Camara.Droid", "Camara\Camara.Droid\Camara.Droid.csproj", "{ED3724F1-840C-4B6A-958E-C8A8BA14CE0D}"
EndProject
Project("{FAE04EC0-301F-11D3-BF4B-00C04F79EFBC}") = "Camara.iOS", "Camara\Camara.iOS\Camara.iOS.csproj", "{C3B21929-BAC5-483C-9A0C-B81A60175AB3}"
EndProject
Project("{FAE04EC0-301F-11D3-BF4B-00C04F79EFBC}") = "Camara.WinPhone", "Camara\Camara.WinPhone\Camara.WinPhone.csproj", "{729A03B3-7612-459E-89AA-04B5A27C3C13}"
EndProject
Project("{FAE04EC0-301F-11D3-BF4B-00C04F79EFBC}") = "Camara", "Camara\Camara\Camara.csproj", "{885C5614-672D-4A40-B855-370F761DF9C0}"
EndProject
Global
	GlobalSection(SolutionConfigurationPlatforms) = preSolution
		Ad-Hoc|Any CPU = Ad-Hoc|Any CPU
		Ad-Hoc|ARM = Ad-Hoc|ARM
		Ad-Hoc|iPhone = Ad-Hoc|iPhone
		Ad-Hoc|iPhoneSimulator = Ad-Hoc|iPhoneSimulator
		Ad-Hoc|x86 = Ad-Hoc|x86
		AppStore|Any CPU = AppStore|Any CPU
		AppStore|ARM = AppStore|ARM
		AppStore|iPhone = AppStore|iPhone
		AppStore|iPhoneSimulator = AppStore|iPhoneSimulator
		AppStore|x86 = AppStore|x86
		Debug|Any CPU = Debug|Any CPU
		Debug|ARM = Debug|ARM
		Debug|iPhone = Debug|iPhone
		Debug|iPhoneSimulator = Debug|iPhoneSimulator
		Debug|x86 = Debug|x86
		Release|Any CPU = Release|Any CPU
		Release|ARM = Release|ARM
		Release|iPhone = Release|iPhone
		Release|iPhoneSimulator = Release|iPhoneSimulator
		Release|x86 = Release|x86
	EndGlobalSection
	GlobalSection(ProjectConfigurationPlatforms) = postSolution
		{ED3724F1-840C-4B6A-958E-C8A8BA14CE0D}.Ad-Hoc|Any CPU.ActiveCfg = Release|Any CPU
		{ED3724F1-840C-4B6A-958E-C8A8BA14CE0D}.Ad-Hoc|Any CPU.Build.0 = Release|Any CPU
		{ED3724F1-840C-4B6A-958E-C8A8BA14CE0D}.Ad-Hoc|Any CPU.Deploy.0 = Release|Any CPU
		{ED3724F1-840C-4B6A-958E-C8A8BA14CE0D}.Ad-Hoc|ARM.ActiveCfg = Release|Any CPU
		{ED3724F1-840C-4B6A-958E-C8A8BA14CE0D}.Ad-Hoc|ARM.Build.0 = Release|Any CPU
		{ED3724F1-840C-4B6A-958E-C8A8BA14CE0D}.Ad-Hoc|ARM.Deploy.0 = Release|Any CPU
		{ED3724F1-840C-4B6A-958E-C8A8BA14CE0D}.Ad-Hoc|iPhone.ActiveCfg = Release|Any CPU
		{ED3724F1-840C-4B6A-958E-C8A8BA14CE0D}.Ad-Hoc|iPhone.Build.0 = Release|Any CPU
		{ED3724F1-840C-4B6A-958E-C8A8BA14CE0D}.Ad-Hoc|iPhone.Deploy.0 = Release|Any CPU
		{ED3724F1-840C-4B6A-958E-C8A8BA14CE0D}.Ad-Hoc|iPhoneSimulator.ActiveCfg = Release|Any CPU
		{ED3724F1-840C-4B6A-958E-C8A8BA14CE0D}.Ad-Hoc|iPhoneSimulator.Build.0 = Release|Any CPU
		{ED3724F1-840C-4B6A-958E-C8A8BA14CE0D}.Ad-Hoc|iPhoneSimulator.Deploy.0 = Release|Any CPU
		{ED3724F1-840C-4B6A-958E-C8A8BA14CE0D}.Ad-Hoc|x86.ActiveCfg = Release|Any CPU
		{ED3724F1-840C-4B6A-958E-C8A8BA14CE0D}.Ad-Hoc|x86.Build.0 = Release|Any CPU
		{ED3724F1-840C-4B6A-958E-C8A8BA14CE0D}.Ad-Hoc|x86.Deploy.0 = Release|Any CPU
		{ED3724F1-840C-4B6A-958E-C8A8BA14CE0D}.AppStore|Any CPU.ActiveCfg = Release|Any CPU
		{ED3724F1-840C-4B6A-958E-C8A8BA14CE0D}.AppStore|Any CPU.Build.0 = Release|Any CPU
		{ED3724F1-840C-4B6A-958E-C8A8BA14CE0D}.AppStore|Any CPU.Deploy.0 = Release|Any CPU
		{ED3724F1-840C-4B6A-958E-C8A8BA14CE0D}.AppStore|ARM.ActiveCfg = Release|Any CPU
		{ED3724F1-840C-4B6A-958E-C8A8BA14CE0D}.AppStore|ARM.Build.0 = Release|Any CPU
		{ED3724F1-840C-4B6A-958E-C8A8BA14CE0D}.AppStore|ARM.Deploy.0 = Release|Any CPU
		{ED3724F1-840C-4B6A-958E-C8A8BA14CE0D}.AppStore|iPhone.ActiveCfg = Release|Any CPU
		{ED3724F1-840C-4B6A-958E-C8A8BA14CE0D}.AppStore|iPhone.Build.0 = Release|Any CPU
		{ED3724F1-840C-4B6A-958E-C8A8BA14CE0D}.AppStore|iPhone.Deploy.0 = Release|Any CPU
		{ED3724F1-840C-4B6A-958E-C8A8BA14CE0D}.AppStore|iPhoneSimulator.ActiveCfg = Release|Any CPU
		{ED3724F1-840C-4B6A-958E-C8A8BA14CE0D}.AppStore|iPhoneSimulator.Build.0 = Release|Any CPU
		{ED3724F1-840C-4B6A-958E-C8A8BA14CE0D}.AppStore|iPhoneSimulator.Deploy.0 = Release|Any CPU
		{ED3724F1-840C-4B6A-958E-C8A8BA14CE0D}.AppStore|x86.ActiveCfg = Release|Any CPU
		{ED3724F1-840C-4B6A-958E-C8A8BA14CE0D}.AppStore|x86.Build.0 = Release|Any CPU
		{ED3724F1-840C-4B6A-958E-C8A8BA14CE0D}.AppStore|x86.Deploy.0 = Release|Any CPU
		{ED3724F1-840C-4B6A-958E-C8A8BA14CE0D}.Debug|Any CPU.ActiveCfg = Debug|Any CPU
		{ED3724F1-840C-4B6A-958E-C8A8BA14CE0D}.Debug|Any CPU.Build.0 = Debug|Any CPU
		{ED3724F1-840C-4B6A-958E-C8A8BA14CE0D}.Debug|Any CPU.Deploy.0 = Debug|Any CPU
		{ED3724F1-840C-4B6A-958E-C8A8BA14CE0D}.Debug|ARM.ActiveCfg = Debug|Any CPU
		{ED3724F1-840C-4B6A-958E-C8A8BA14CE0D}.Debug|ARM.Build.0 = Debug|Any CPU
		{ED3724F1-840C-4B6A-958E-C8A8BA14CE0D}.Debug|ARM.Deploy.0 = Debug|Any CPU
		{ED3724F1-840C-4B6A-958E-C8A8BA14CE0D}.Debug|iPhone.ActiveCfg = Debug|Any CPU
		{ED3724F1-840C-4B6A-958E-C8A8BA14CE0D}.Debug|iPhone.Build.0 = Debug|Any CPU
		{ED3724F1-840C-4B6A-958E-C8A8BA14CE0D}.Debug|iPhone.Deploy.0 = Debug|Any CPU
		{ED3724F1-840C-4B6A-958E-C8A8BA14CE0D}.Debug|iPhoneSimulator.ActiveCfg = Debug|Any CPU
		{ED3724F1-840C-4B6A-958E-C8A8BA14CE0D}.Debug|iPhoneSimulator.Build.0 = Debug|Any CPU
		{ED3724F1-840C-4B6A-958E-C8A8BA14CE0D}.Debug|iPhoneSimulator.Deploy.0 = Debug|Any CPU
		{ED3724F1-840C-4B6A-958E-C8A8BA14CE0D}.Debug|x86.ActiveCfg = Debug|Any CPU
		{ED3724F1-840C-4B6A-958E-C8A8BA14CE0D}.Debug|x86.Build.0 = Debug|Any CPU
		{ED3724F1-840C-4B6A-958E-C8A8BA14CE0D}.Debug|x86.Deploy.0 = Debug|Any CPU
		{ED3724F1-840C-4B6A-958E-C8A8BA14CE0D}.Release|Any CPU.ActiveCfg = Release|Any CPU
		{ED3724F1-840C-4B6A-958E-C8A8BA14CE0D}.Release|Any CPU.Build.0 = Release|Any CPU
		{ED3724F1-840C-4B6A-958E-C8A8BA14CE0D}.Release|Any CPU.Deploy.0 = Release|Any CPU
		{ED3724F1-840C-4B6A-958E-C8A8BA14CE0D}.Release|ARM.ActiveCfg = Release|Any CPU
		{ED3724F1-840C-4B6A-958E-C8A8BA14CE0D}.Release|ARM.Build.0 = Release|Any CPU
		{ED3724F1-840C-4B6A-958E-C8A8BA14CE0D}.Release|ARM.Deploy.0 = Release|Any CPU
		{ED3724F1-840C-4B6A-958E-C8A8BA14CE0D}.Release|iPhone.ActiveCfg = Release|Any CPU
		{ED3724F1-840C-4B6A-958E-C8A8BA14CE0D}.Release|iPhone.Build.0 = Release|Any CPU
		{ED3724F1-840C-4B6A-958E-C8A8BA14CE0D}.Release|iPhone.Deploy.0 = Release|Any CPU
		{ED3724F1-840C-4B6A-958E-C8A8BA14CE0D}.Release|iPhoneSimulator.ActiveCfg = Release|Any CPU
		{ED3724F1-840C-4B6A-958E-C8A8BA14CE0D}.Release|iPhoneSimulator.Build.0 = Release|Any CPU
		{ED3724F1-840C-4B6A-958E-C8A8BA14CE0D}.Release|iPhoneSimulator.Deploy.0 = Release|Any CPU
		{ED3724F1-840C-4B6A-958E-C8A8BA14CE0D}.Release|x86.ActiveCfg = Release|Any CPU
		{ED3724F1-840C-4B6A-958E-C8A8BA14CE0D}.Release|x86.Build.0 = Release|Any CPU
		{ED3724F1-840C-4B6A-958E-C8A8BA14CE0D}.Release|x86.Deploy.0 = Release|Any CPU
		{C3B21929-BAC5-483C-9A0C-B81A60175AB3}.Ad-Hoc|Any CPU.ActiveCfg = Ad-Hoc|iPhone
		{C3B21929-BAC5-483C-9A0C-B81A60175AB3}.Ad-Hoc|ARM.ActiveCfg = Ad-Hoc|iPhone
		{C3B21929-BAC5-483C-9A0C-B81A60175AB3}.Ad-Hoc|iPhone.ActiveCfg = Ad-Hoc|iPhone
		{C3B21929-BAC5-483C-9A0C-B81A60175AB3}.Ad-Hoc|iPhone.Build.0 = Ad-Hoc|iPhone
		{C3B21929-BAC5-483C-9A0C-B81A60175AB3}.Ad-Hoc|iPhoneSimulator.ActiveCfg = Ad-Hoc|iPhoneSimulator
		{C3B21929-BAC5-483C-9A0C-B81A60175AB3}.Ad-Hoc|iPhoneSimulator.Build.0 = Ad-Hoc|iPhoneSimulator
		{C3B21929-BAC5-483C-9A0C-B81A60175AB3}.Ad-Hoc|x86.ActiveCfg = Ad-Hoc|iPhone
		{C3B21929-BAC5-483C-9A0C-B81A60175AB3}.AppStore|Any CPU.ActiveCfg = AppStore|iPhone
		{C3B21929-BAC5-483C-9A0C-B81A60175AB3}.AppStore|ARM.ActiveCfg = AppStore|iPhone
		{C3B21929-BAC5-483C-9A0C-B81A60175AB3}.AppStore|iPhone.ActiveCfg = AppStore|iPhone
		{C3B21929-BAC5-483C-9A0C-B81A60175AB3}.AppStore|iPhone.Build.0 = AppStore|iPhone
		{C3B21929-BAC5-483C-9A0C-B81A60175AB3}.AppStore|iPhoneSimulator.ActiveCfg = AppStore|iPhoneSimulator
		{C3B21929-BAC5-483C-9A0C-B81A60175AB3}.AppStore|iPhoneSimulator.Build.0 = AppStore|iPhoneSimulator
		{C3B21929-BAC5-483C-9A0C-B81A60175AB3}.AppStore|x86.ActiveCfg = AppStore|iPhone
		{C3B21929-BAC5-483C-9A0C-B81A60175AB3}.Debug|Any CPU.ActiveCfg = Debug|iPhone
		{C3B21929-BAC5-483C-9A0C-B81A60175AB3}.Debug|ARM.ActiveCfg = Debug|iPhone
		{C3B21929-BAC5-483C-9A0C-B81A60175AB3}.Debug|iPhone.ActiveCfg = Debug|iPhone
		{C3B21929-BAC5-483C-9A0C-B81A60175AB3}.Debug|iPhone.Build.0 = Debug|iPhone
		{C3B21929-BAC5-483C-9A0C-B81A60175AB3}.Debug|iPhoneSimulator.ActiveCfg = Debug|iPhoneSimulator
		{C3B21929-BAC5-483C-9A0C-B81A60175AB3}.Debug|iPhoneSimulator.Build.0 = Debug|iPhoneSimulator
		{C3B21929-BAC5-483C-9A0C-B81A60175AB3}.Debug|x86.ActiveCfg = Debug|iPhone
		{C3B21929-BAC5-483C-9A0C-B81A60175AB3}.Release|Any CPU.ActiveCfg = Release|iPhone
		{C3B21929-BAC5-483C-9A0C-B81A60175AB3}.Release|ARM.ActiveCfg = Release|iPhone
		{C3B21929-BAC5-483C-9A0C-B81A60175AB3}.Release|iPhone.ActiveCfg = Release|iPhone
		{C3B21929-BAC5-483C-9A0C-B81A60175AB3}.Release|iPhone.Build.0 = Release|iPhone
		{C3B21929-BAC5-483C-9A0C-B81A60175AB3}.Release|iPhoneSimulator.ActiveCfg = Release|iPhoneSimulator
		{C3B21929-BAC5-483C-9A0C-B81A60175AB3}.Release|iPhoneSimulator.Build.0 = Release|iPhoneSimulator
		{C3B21929-BAC5-483C-9A0C-B81A60175AB3}.Release|x86.ActiveCfg = Release|iPhone
		{729A03B3-7612-459E-89AA-04B5A27C3C13}.Ad-Hoc|Any CPU.ActiveCfg = Release|Any CPU
		{729A03B3-7612-459E-89AA-04B5A27C3C13}.Ad-Hoc|Any CPU.Build.0 = Release|Any CPU
		{729A03B3-7612-459E-89AA-04B5A27C3C13}.Ad-Hoc|Any CPU.Deploy.0 = Release|Any CPU
		{729A03B3-7612-459E-89AA-04B5A27C3C13}.Ad-Hoc|ARM.ActiveCfg = Release|ARM
		{729A03B3-7612-459E-89AA-04B5A27C3C13}.Ad-Hoc|ARM.Build.0 = Release|ARM
		{729A03B3-7612-459E-89AA-04B5A27C3C13}.Ad-Hoc|ARM.Deploy.0 = Release|ARM
		{729A03B3-7612-459E-89AA-04B5A27C3C13}.Ad-Hoc|iPhone.ActiveCfg = Release|Any CPU
		{729A03B3-7612-459E-89AA-04B5A27C3C13}.Ad-Hoc|iPhone.Build.0 = Release|Any CPU
		{729A03B3-7612-459E-89AA-04B5A27C3C13}.Ad-Hoc|iPhone.Deploy.0 = Release|Any CPU
		{729A03B3-7612-459E-89AA-04B5A27C3C13}.Ad-Hoc|iPhoneSimulator.ActiveCfg = Release|Any CPU
		{729A03B3-7612-459E-89AA-04B5A27C3C13}.Ad-Hoc|iPhoneSimulator.Build.0 = Release|Any CPU
		{729A03B3-7612-459E-89AA-04B5A27C3C13}.Ad-Hoc|iPhoneSimulator.Deploy.0 = Release|Any CPU
		{729A03B3-7612-459E-89AA-04B5A27C3C13}.Ad-Hoc|x86.ActiveCfg = Release|x86
		{729A03B3-7612-459E-89AA-04B5A27C3C13}.Ad-Hoc|x86.Build.0 = Release|x86
		{729A03B3-7612-459E-89AA-04B5A27C3C13}.Ad-Hoc|x86.Deploy.0 = Release|x86
		{729A03B3-7612-459E-89AA-04B5A27C3C13}.AppStore|Any CPU.ActiveCfg = Release|Any CPU
		{729A03B3-7612-459E-89AA-04B5A27C3C13}.AppStore|Any CPU.Build.0 = Release|Any CPU
		{729A03B3-7612-459E-89AA-04B5A27C3C13}.AppStore|Any CPU.Deploy.0 = Release|Any CPU
		{729A03B3-7612-459E-89AA-04B5A27C3C13}.AppStore|ARM.ActiveCfg = Release|ARM
		{729A03B3-7612-459E-89AA-04B5A27C3C13}.AppStore|ARM.Build.0 = Release|ARM
		{729A03B3-7612-459E-89AA-04B5A27C3C13}.AppStore|ARM.Deploy.0 = Release|ARM
		{729A03B3-7612-459E-89AA-04B5A27C3C13}.AppStore|iPhone.ActiveCfg = Release|Any CPU
		{729A03B3-7612-459E-89AA-04B5A27C3C13}.AppStore|iPhone.Build.0 = Release|Any CPU
		{729A03B3-7612-459E-89AA-04B5A27C3C13}.AppStore|iPhone.Deploy.0 = Release|Any CPU
		{729A03B3-7612-459E-89AA-04B5A27C3C13}.AppStore|iPhoneSimulator.ActiveCfg = Release|Any CPU
		{729A03B3-7612-459E-89AA-04B5A27C3C13}.AppStore|iPhoneSimulator.Build.0 = Release|Any CPU
		{729A03B3-7612-459E-89AA-04B5A27C3C13}.AppStore|iPhoneSimulator.Deploy.0 = Release|Any CPU
		{729A03B3-7612-459E-89AA-04B5A27C3C13}.AppStore|x86.ActiveCfg = Release|x86
		{729A03B3-7612-459E-89AA-04B5A27C3C13}.AppStore|x86.Build.0 = Release|x86
		{729A03B3-7612-459E-89AA-04B5A27C3C13}.AppStore|x86.Deploy.0 = Release|x86
		{729A03B3-7612-459E-89AA-04B5A27C3C13}.Debug|Any CPU.ActiveCfg = Debug|Any CPU
		{729A03B3-7612-459E-89AA-04B5A27C3C13}.Debug|Any CPU.Build.0 = Debug|Any CPU
		{729A03B3-7612-459E-89AA-04B5A27C3C13}.Debug|Any CPU.Deploy.0 = Debug|Any CPU
		{729A03B3-7612-459E-89AA-04B5A27C3C13}.Debug|ARM.ActiveCfg = Debug|ARM
		{729A03B3-7612-459E-89AA-04B5A27C3C13}.Debug|ARM.Build.0 = Debug|ARM
		{729A03B3-7612-459E-89AA-04B5A27C3C13}.Debug|ARM.Deploy.0 = Debug|ARM
		{729A03B3-7612-459E-89AA-04B5A27C3C13}.Debug|iPhone.ActiveCfg = Debug|Any CPU
		{729A03B3-7612-459E-89AA-04B5A27C3C13}.Debug|iPhone.Build.0 = Debug|Any CPU
		{729A03B3-7612-459E-89AA-04B5A27C3C13}.Debug|iPhone.Deploy.0 = Debug|Any CPU
		{729A03B3-7612-459E-89AA-04B5A27C3C13}.Debug|iPhoneSimulator.ActiveCfg = Debug|Any CPU
		{729A03B3-7612-459E-89AA-04B5A27C3C13}.Debug|iPhoneSimulator.Build.0 = Debug|Any CPU
		{729A03B3-7612-459E-89AA-04B5A27C3C13}.Debug|iPhoneSimulator.Deploy.0 = Debug|Any CPU
		{729A03B3-7612-459E-89AA-04B5A27C3C13}.Debug|x86.ActiveCfg = Debug|x86
		{729A03B3-7612-459E-89AA-04B5A27C3C13}.Debug|x86.Build.0 = Debug|x86
		{729A03B3-7612-459E-89AA-04B5A27C3C13}.Debug|x86.Deploy.0 = Debug|x86
		{729A03B3-7612-459E-89AA-04B5A27C3C13}.Release|Any CPU.ActiveCfg = Release|Any CPU
		{729A03B3-7612-459E-89AA-04B5A27C3C13}.Release|Any CPU.Build.0 = Release|Any CPU
		{729A03B3-7612-459E-89AA-04B5A27C3C13}.Release|Any CPU.Deploy.0 = Release|Any CPU
		{729A03B3-7612-459E-89AA-04B5A27C3C13}.Release|ARM.ActiveCfg = Release|ARM
		{729A03B3-7612-459E-89AA-04B5A27C3C13}.Release|ARM.Build.0 = Release|ARM
		{729A03B3-7612-459E-89AA-04B5A27C3C13}.Release|ARM.Deploy.0 = Release|ARM
		{729A03B3-7612-459E-89AA-04B5A27C3C13}.Release|iPhone.ActiveCfg = Release|Any CPU
		{729A03B3-7612-459E-89AA-04B5A27C3C13}.Release|iPhone.Build.0 = Release|Any CPU
		{729A03B3-7612-459E-89AA-04B5A27C3C13}.Release|iPhone.Deploy.0 = Release|Any CPU
		{729A03B3-7612-459E-89AA-04B5A27C3C13}.Release|iPhoneSimulator.ActiveCfg = Release|Any CPU
		{729A03B3-7612-459E-89AA-04B5A27C3C13}.Release|iPhoneSimulator.Build.0 = Release|Any CPU
		{729A03B3-7612-459E-89AA-04B5A27C3C13}.Release|iPhoneSimulator.Deploy.0 = Release|Any CPU
		{729A03B3-7612-459E-89AA-04B5A27C3C13}.Release|x86.ActiveCfg = Release|x86
		{729A03B3-7612-459E-89AA-04B5A27C3C13}.Release|x86.Build.0 = Release|x86
		{729A03B3-7612-459E-89AA-04B5A27C3C13}.Release|x86.Deploy.0 = Release|x86
		{885C5614-672D-4A40-B855-370F761DF9C0}.Ad-Hoc|Any CPU.ActiveCfg = Release|Any CPU
		{885C5614-672D-4A40-B855-370F761DF9C0}.Ad-Hoc|Any CPU.Build.0 = Release|Any CPU
		{885C5614-672D-4A40-B855-370F761DF9C0}.Ad-Hoc|ARM.ActiveCfg = Release|Any CPU
		{885C5614-672D-4A40-B855-370F761DF9C0}.Ad-Hoc|ARM.Build.0 = Release|Any CPU
		{885C5614-672D-4A40-B855-370F761DF9C0}.Ad-Hoc|iPhone.ActiveCfg = Release|Any CPU
		{885C5614-672D-4A40-B855-370F761DF9C0}.Ad-Hoc|iPhone.Build.0 = Release|Any CPU
		{885C5614-672D-4A40-B855-370F761DF9C0}.Ad-Hoc|iPhoneSimulator.ActiveCfg = Release|Any CPU
		{885C5614-672D-4A40-B855-370F761DF9C0}.Ad-Hoc|iPhoneSimulator.Build.0 = Release|Any CPU
		{885C5614-672D-4A40-B855-370F761DF9C0}.Ad-Hoc|x86.ActiveCfg = Release|Any CPU
		{885C5614-672D-4A40-B855-370F761DF9C0}.Ad-Hoc|x86.Build.0 = Release|Any CPU
		{885C5614-672D-4A40-B855-370F761DF9C0}.AppStore|Any CPU.ActiveCfg = Release|Any CPU
		{885C5614-672D-4A40-B855-370F761DF9C0}.AppStore|Any CPU.Build.0 = Release|Any CPU
		{885C5614-672D-4A40-B855-370F761DF9C0}.AppStore|ARM.ActiveCfg = Release|Any CPU
		{885C5614-672D-4A40-B855-370F761DF9C0}.AppStore|ARM.Build.0 = Release|Any CPU
		{885C5614-672D-4A40-B855-370F761DF9C0}.AppStore|iPhone.ActiveCfg = Release|Any CPU
		{885C5614-672D-4A40-B855-370F761DF9C0}.AppStore|iPhone.Build.0 = Release|Any CPU
		{885C5614-672D-4A40-B855-370F761DF9C0}.AppStore|iPhoneSimulator.ActiveCfg = Release|Any CPU
		{885C5614-672D-4A40-B855-370F761DF9C0}.AppStore|iPhoneSimulator.Build.0 = Release|Any CPU
		{885C5614-672D-4A40-B855-370F761DF9C0}.AppStore|x86.ActiveCfg = Release|Any CPU
		{885C5614-672D-4A40-B855-370F761DF9C0}.AppStore|x86.Build.0 = Release|Any CPU
		{885C5614-672D-4A40-B855-370F761DF9C0}.Debug|Any CPU.ActiveCfg = Debug|Any CPU
		{885C5614-672D-4A40-B855-370F761DF9C0}.Debug|Any CPU.Build.0 = Debug|Any CPU
		{885C5614-672D-4A40-B855-370F761DF9C0}.Debug|ARM.ActiveCfg = Debug|Any CPU
		{885C5614-672D-4A40-B855-370F761DF9C0}.Debug|ARM.Build.0 = Debug|Any CPU
		{885C5614-672D-4A40-B855-370F761DF9C0}.Debug|iPhone.ActiveCfg = Debug|Any CPU
		{885C5614-672D-4A40-B855-370F761DF9C0}.Debug|iPhone.Build.0 = Debug|Any CPU
		{885C5614-672D-4A40-B855-370F761DF9C0}.Debug|iPhoneSimulator.ActiveCfg = Debug|Any CPU
		{885C5614-672D-4A40-B855-370F761DF9C0}.Debug|iPhoneSimulator.Build.0 = Debug|Any CPU
		{885C5614-672D-4A40-B855-370F761DF9C0}.Debug|x86.ActiveCfg = Debug|Any CPU
		{885C5614-672D-4A40-B855-370F761DF9C0}.Debug|x86.Build.0 = Debug|Any CPU
		{885C5614-672D-4A40-B855-370F761DF9C0}.Release|Any CPU.ActiveCfg = Release|Any CPU
		{885C5614-672D-4A40-B855-370F761DF9C0}.Release|Any CPU.Build.0 = Release|Any CPU
		{885C5614-672D-4A40-B855-370F761DF9C0}.Release|ARM.ActiveCfg = Release|Any CPU
		{885C5614-672D-4A40-B855-370F761DF9C0}.Release|ARM.Build.0 = Release|Any CPU
		{885C5614-672D-4A40-B855-370F761DF9C0}.Release|iPhone.ActiveCfg = Release|Any CPU
		{885C5614-672D-4A40-B855-370F761DF9C0}.Release|iPhone.Build.0 = Release|Any CPU
		{885C5614-672D-4A40-B855-370F761DF9C0}.Release|iPhoneSimulator.ActiveCfg = Release|Any CPU
		{885C5614-672D-4A40-B855-370F761DF9C0}.Release|iPhoneSimulator.Build.0 = Release|Any CPU
		{885C5614-672D-4A40-B855-370F761DF9C0}.Release|x86.ActiveCfg = Release|Any CPU
		{885C5614-672D-4A40-B855-370F761DF9C0}.Release|x86.Build.0 = Release|Any CPU
	EndGlobalSection
	GlobalSection(SolutionProperties) = preSolution
		HideSolutionNode = FALSE
	EndGlobalSection
EndGlobal
